# This file is automatically @generated by Poetry and should not be changed by hand.

[[package]]
name = "atomicwrites"
version = "1.4.0"
description = "Atomic file writes."
category = "dev"
optional = false
python-versions = ">=2.7, !=3.0.*, !=3.1.*, !=3.2.*, !=3.3.*"
files = [
    {file = "atomicwrites-1.4.0-py2.py3-none-any.whl", hash = "sha256:6d1784dea7c0c8d4a5172b6c620f40b6e4cbfdf96d783691f2e1302a7b88e197"},
    {file = "atomicwrites-1.4.0.tar.gz", hash = "sha256:ae70396ad1a434f9c7046fd2dd196fc04b12f9e91ffb859164193be8b6168a7a"},
]

[[package]]
name = "attrs"
version = "20.2.0"
description = "Classes Without Boilerplate"
category = "dev"
optional = false
python-versions = ">=2.7, !=3.0.*, !=3.1.*, !=3.2.*, !=3.3.*"
files = [
    {file = "attrs-20.2.0-py2.py3-none-any.whl", hash = "sha256:fce7fc47dfc976152e82d53ff92fa0407700c21acd20886a13777a0d20e655dc"},
    {file = "attrs-20.2.0.tar.gz", hash = "sha256:26b54ddbbb9ee1d34d5d3668dd37d6cf74990ab23c828c2888dccdceee395594"},
]

[package.extras]
dev = ["coverage[toml] (>=5.0.2)", "hypothesis", "pre-commit", "pympler", "pytest (>=4.3.0)", "six", "sphinx", "sphinx-rtd-theme", "zope.interface"]
docs = ["sphinx", "sphinx-rtd-theme", "zope.interface"]
tests = ["coverage[toml] (>=5.0.2)", "hypothesis", "pympler", "pytest (>=4.3.0)", "six", "zope.interface"]
tests-no-zope = ["coverage[toml] (>=5.0.2)", "hypothesis", "pympler", "pytest (>=4.3.0)", "six"]

[[package]]
name = "cffi"
version = "1.14.3"
description = "Foreign Function Interface for Python calling C code."
category = "main"
optional = false
python-versions = "*"
files = [
    {file = "cffi-1.14.3-2-cp27-cp27m-macosx_10_9_x86_64.whl", hash = "sha256:3eeeb0405fd145e714f7633a5173318bd88d8bbfc3dd0a5751f8c4f70ae629bc"},
    {file = "cffi-1.14.3-2-cp35-cp35m-macosx_10_9_x86_64.whl", hash = "sha256:cb763ceceae04803adcc4e2d80d611ef201c73da32d8f2722e9d0ab0c7f10768"},
    {file = "cffi-1.14.3-2-cp36-cp36m-macosx_10_9_x86_64.whl", hash = "sha256:44f60519595eaca110f248e5017363d751b12782a6f2bd6a7041cba275215f5d"},
    {file = "cffi-1.14.3-2-cp37-cp37m-macosx_10_9_x86_64.whl", hash = "sha256:c53af463f4a40de78c58b8b2710ade243c81cbca641e34debf3396a9640d6ec1"},
    {file = "cffi-1.14.3-2-cp38-cp38-macosx_10_9_x86_64.whl", hash = "sha256:33c6cdc071ba5cd6d96769c8969a0531be2d08c2628a0143a10a7dcffa9719ca"},
    {file = "cffi-1.14.3-2-cp39-cp39-macosx_10_9_x86_64.whl", hash = "sha256:c11579638288e53fc94ad60022ff1b67865363e730ee41ad5e6f0a17188b327a"},
    {file = "cffi-1.14.3-cp27-cp27m-manylinux1_i686.whl", hash = "sha256:3cb3e1b9ec43256c4e0f8d2837267a70b0e1ca8c4f456685508ae6106b1f504c"},
    {file = "cffi-1.14.3-cp27-cp27m-manylinux1_x86_64.whl", hash = "sha256:f0620511387790860b249b9241c2f13c3a80e21a73e0b861a2df24e9d6f56730"},
    {file = "cffi-1.14.3-cp27-cp27m-win32.whl", hash = "sha256:005f2bfe11b6745d726dbb07ace4d53f057de66e336ff92d61b8c7e9c8f4777d"},
    {file = "cffi-1.14.3-cp27-cp27m-win_amd64.whl", hash = "sha256:2f9674623ca39c9ebe38afa3da402e9326c245f0f5ceff0623dccdac15023e05"},
    {file = "cffi-1.14.3-cp27-cp27mu-manylinux1_i686.whl", hash = "sha256:09e96138280241bd355cd585148dec04dbbedb4f46128f340d696eaafc82dd7b"},
    {file = "cffi-1.14.3-cp27-cp27mu-manylinux1_x86_64.whl", hash = "sha256:3363e77a6176afb8823b6e06db78c46dbc4c7813b00a41300a4873b6ba63b171"},
    {file = "cffi-1.14.3-cp35-cp35m-manylinux1_i686.whl", hash = "sha256:0ef488305fdce2580c8b2708f22d7785ae222d9825d3094ab073e22e93dfe51f"},
    {file = "cffi-1.14.3-cp35-cp35m-manylinux1_x86_64.whl", hash = "sha256:0b1ad452cc824665ddc682400b62c9e4f5b64736a2ba99110712fdee5f2505c4"},
    {file = "cffi-1.14.3-cp35-cp35m-win32.whl", hash = "sha256:85ba797e1de5b48aa5a8427b6ba62cf69607c18c5d4eb747604b7302f1ec382d"},
    {file = "cffi-1.14.3-cp35-cp35m-win_amd64.whl", hash = "sha256:e66399cf0fc07de4dce4f588fc25bfe84a6d1285cc544e67987d22663393926d"},
    {file = "cffi-1.14.3-cp36-cp36m-manylinux1_i686.whl", hash = "sha256:15f351bed09897fbda218e4db5a3d5c06328862f6198d4fb385f3e14e19decb3"},
    {file = "cffi-1.14.3-cp36-cp36m-manylinux1_x86_64.whl", hash = "sha256:4d7c26bfc1ea9f92084a1d75e11999e97b62d63128bcc90c3624d07813c52808"},
    {file = "cffi-1.14.3-cp36-cp36m-manylinux2014_aarch64.whl", hash = "sha256:23e5d2040367322824605bc29ae8ee9175200b92cb5483ac7d466927a9b3d537"},
    {file = "cffi-1.14.3-cp36-cp36m-win32.whl", hash = "sha256:a624fae282e81ad2e4871bdb767e2c914d0539708c0f078b5b355258293c98b0"},
    {file = "cffi-1.14.3-cp36-cp36m-win_amd64.whl", hash = "sha256:de31b5164d44ef4943db155b3e8e17929707cac1e5bd2f363e67a56e3af4af6e"},
    {file = "cffi-1.14.3-cp37-cp37m-manylinux1_i686.whl", hash = "sha256:f92cdecb618e5fa4658aeb97d5eb3d2f47aa94ac6477c6daf0f306c5a3b9e6b1"},
    {file = "cffi-1.14.3-cp37-cp37m-manylinux1_x86_64.whl", hash = "sha256:22399ff4870fb4c7ef19fff6eeb20a8bbf15571913c181c78cb361024d574579"},
    {file = "cffi-1.14.3-cp37-cp37m-manylinux2014_aarch64.whl", hash = "sha256:f4eae045e6ab2bb54ca279733fe4eb85f1effda392666308250714e01907f394"},
    {file = "cffi-1.14.3-cp37-cp37m-win32.whl", hash = "sha256:b0358e6fefc74a16f745afa366acc89f979040e0cbc4eec55ab26ad1f6a9bfbc"},
    {file = "cffi-1.14.3-cp37-cp37m-win_amd64.whl", hash = "sha256:6642f15ad963b5092d65aed022d033c77763515fdc07095208f15d3563003869"},
    {file = "cffi-1.14.3-cp38-cp38-manylinux1_i686.whl", hash = "sha256:2791f68edc5749024b4722500e86303a10d342527e1e3bcac47f35fbd25b764e"},
    {file = "cffi-1.14.3-cp38-cp38-manylinux1_x86_64.whl", hash = "sha256:529c4ed2e10437c205f38f3691a68be66c39197d01062618c55f74294a4a4828"},
    {file = "cffi-1.14.3-cp38-cp38-manylinux2014_aarch64.whl", hash = "sha256:8f0f1e499e4000c4c347a124fa6a27d37608ced4fe9f7d45070563b7c4c370c9"},
    {file = "cffi-1.14.3-cp38-cp38-win32.whl", hash = "sha256:3b8eaf915ddc0709779889c472e553f0d3e8b7bdf62dab764c8921b09bf94522"},
    {file = "cffi-1.14.3-cp38-cp38-win_amd64.whl", hash = "sha256:bbd2f4dfee1079f76943767fce837ade3087b578aeb9f69aec7857d5bf25db15"},
    {file = "cffi-1.14.3-cp39-cp39-manylinux1_i686.whl", hash = "sha256:cc75f58cdaf043fe6a7a6c04b3b5a0e694c6a9e24050967747251fb80d7bce0d"},
    {file = "cffi-1.14.3-cp39-cp39-manylinux1_x86_64.whl", hash = "sha256:bf39a9e19ce7298f1bd6a9758fa99707e9e5b1ebe5e90f2c3913a47bc548747c"},
    {file = "cffi-1.14.3-cp39-cp39-win32.whl", hash = "sha256:d80998ed59176e8cba74028762fbd9b9153b9afc71ea118e63bbf5d4d0f9552b"},
    {file = "cffi-1.14.3-cp39-cp39-win_amd64.whl", hash = "sha256:c150eaa3dadbb2b5339675b88d4573c1be3cb6f2c33a6c83387e10cc0bf05bd3"},
    {file = "cffi-1.14.3.tar.gz", hash = "sha256:f92f789e4f9241cd262ad7a555ca2c648a98178a953af117ef7fad46aa1d5591"},
]

[package.dependencies]
pycparser = "*"

[[package]]
name = "colorama"
version = "0.4.4"
description = "Cross-platform colored terminal text."
category = "dev"
optional = false
python-versions = ">=2.7, !=3.0.*, !=3.1.*, !=3.2.*, !=3.3.*, !=3.4.*"
files = [
    {file = "colorama-0.4.4-py2.py3-none-any.whl", hash = "sha256:9f47eda37229f68eee03b24b9748937c7dc3868f906e8ba69fbcbdd3bc5dc3e2"},
    {file = "colorama-0.4.4.tar.gz", hash = "sha256:5941b2b48a20143d2267e95b1c2a7603ce057ee39fd88e7329b0c292aa16869b"},
]

[[package]]
name = "cryptography"
version = "3.2.1"
description = "cryptography is a package which provides cryptographic recipes and primitives to Python developers."
category = "main"
optional = false
python-versions = ">=2.7,!=3.0.*,!=3.1.*,!=3.2.*,!=3.3.*,!=3.4.*"
files = [
    {file = "cryptography-3.2.1-cp27-cp27m-macosx_10_10_x86_64.whl", hash = "sha256:6dc59630ecce8c1f558277ceb212c751d6730bd12c80ea96b4ac65637c4f55e7"},
    {file = "cryptography-3.2.1-cp27-cp27m-manylinux1_x86_64.whl", hash = "sha256:75e8e6684cf0034f6bf2a97095cb95f81537b12b36a8fedf06e73050bb171c2d"},
    {file = "cryptography-3.2.1-cp27-cp27m-manylinux2010_x86_64.whl", hash = "sha256:4e7268a0ca14536fecfdf2b00297d4e407da904718658c1ff1961c713f90fd33"},
    {file = "cryptography-3.2.1-cp27-cp27m-win32.whl", hash = "sha256:7117319b44ed1842c617d0a452383a5a052ec6aa726dfbaffa8b94c910444297"},
    {file = "cryptography-3.2.1-cp27-cp27m-win_amd64.whl", hash = "sha256:a733671100cd26d816eed39507e585c156e4498293a907029969234e5e634bc4"},
    {file = "cryptography-3.2.1-cp27-cp27mu-manylinux1_x86_64.whl", hash = "sha256:a75f306a16d9f9afebfbedc41c8c2351d8e61e818ba6b4c40815e2b5740bb6b8"},
    {file = "cryptography-3.2.1-cp27-cp27mu-manylinux2010_x86_64.whl", hash = "sha256:5849d59358547bf789ee7e0d7a9036b2d29e9a4ddf1ce5e06bb45634f995c53e"},
    {file = "cryptography-3.2.1-cp35-abi3-macosx_10_10_x86_64.whl", hash = "sha256:bd717aa029217b8ef94a7d21632a3bb5a4e7218a4513d2521c2a2fd63011e98b"},
    {file = "cryptography-3.2.1-cp35-abi3-manylinux1_x86_64.whl", hash = "sha256:efe15aca4f64f3a7ea0c09c87826490e50ed166ce67368a68f315ea0807a20df"},
    {file = "cryptography-3.2.1-cp35-abi3-manylinux2010_x86_64.whl", hash = "sha256:32434673d8505b42c0de4de86da8c1620651abd24afe91ae0335597683ed1b77"},
    {file = "cryptography-3.2.1-cp35-abi3-manylinux2014_aarch64.whl", hash = "sha256:7b8d9d8d3a9bd240f453342981f765346c87ade811519f98664519696f8e6ab7"},
    {file = "cryptography-3.2.1-cp35-cp35m-win32.whl", hash = "sha256:d3545829ab42a66b84a9aaabf216a4dce7f16dbc76eb69be5c302ed6b8f4a29b"},
    {file = "cryptography-3.2.1-cp35-cp35m-win_amd64.whl", hash = "sha256:a4e27ed0b2504195f855b52052eadcc9795c59909c9d84314c5408687f933fc7"},
    {file = "cryptography-3.2.1-cp36-abi3-win32.whl", hash = "sha256:13b88a0bd044b4eae1ef40e265d006e34dbcde0c2f1e15eb9896501b2d8f6c6f"},
    {file = "cryptography-3.2.1-cp36-abi3-win_amd64.whl", hash = "sha256:07ca431b788249af92764e3be9a488aa1d39a0bc3be313d826bbec690417e538"},
    {file = "cryptography-3.2.1-cp36-cp36m-win32.whl", hash = "sha256:a035a10686532b0587d58a606004aa20ad895c60c4d029afa245802347fab57b"},
    {file = "cryptography-3.2.1-cp36-cp36m-win_amd64.whl", hash = "sha256:d26a2557d8f9122f9bf445fc7034242f4375bd4e95ecda007667540270965b13"},
    {file = "cryptography-3.2.1-cp37-cp37m-win32.whl", hash = "sha256:545a8550782dda68f8cdc75a6e3bf252017aa8f75f19f5a9ca940772fc0cb56e"},
    {file = "cryptography-3.2.1-cp37-cp37m-win_amd64.whl", hash = "sha256:55d0b896631412b6f0c7de56e12eb3e261ac347fbaa5d5e705291a9016e5f8cb"},
    {file = "cryptography-3.2.1-cp38-cp38-win32.whl", hash = "sha256:3cd75a683b15576cfc822c7c5742b3276e50b21a06672dc3a800a2d5da4ecd1b"},
    {file = "cryptography-3.2.1-cp38-cp38-win_amd64.whl", hash = "sha256:d25cecbac20713a7c3bc544372d42d8eafa89799f492a43b79e1dfd650484851"},
    {file = "cryptography-3.2.1.tar.gz", hash = "sha256:d3d5e10be0cf2a12214ddee45c6bd203dab435e3d83b4560c03066eda600bfe3"},
]

[package.dependencies]
cffi = ">=1.8,<1.11.3 || >1.11.3"
six = ">=1.4.1"

[package.extras]
docs = ["sphinx (>=1.6.5,!=1.8.0,!=3.1.0,!=3.1.1)", "sphinx-rtd-theme"]
docstest = ["doc8", "pyenchant (>=1.6.11)", "sphinxcontrib-spelling (>=4.0.1)", "twine (>=1.12.0)"]
pep8test = ["black", "flake8", "flake8-import-order", "pep8-naming"]
ssh = ["bcrypt (>=3.1.5)"]
test = ["hypothesis (>=1.11.4,!=3.79.2)", "iso8601", "pretend", "pytest (>=3.6.0,!=3.9.0,!=3.9.1,!=3.9.2)", "pytz"]

[[package]]
name = "dask"
version = "2.30.0"
description = "Parallel PyData with Task Scheduling"
category = "main"
optional = false
python-versions = ">=3.6"
files = [
    {file = "dask-2.30.0-py3-none-any.whl", hash = "sha256:4c215aa55951f570b5a294b2ce964ed801c6efd766231c53447460e60f73ea14"},
    {file = "dask-2.30.0.tar.gz", hash = "sha256:a1669022e25de99b227c3d83da4801f032415962dac431099bf0534648e41a54"},
]

[package.dependencies]
fsspec = {version = ">=0.6.0", optional = true, markers = "extra == \"dataframe\""}
numpy = {version = ">=1.13.0", optional = true, markers = "extra == \"dataframe\""}
pandas = {version = ">=0.23.0", optional = true, markers = "extra == \"dataframe\""}
partd = {version = ">=0.3.10", optional = true, markers = "extra == \"dataframe\""}
pyyaml = "*"
toolz = {version = ">=0.8.2", optional = true, markers = "extra == \"dataframe\""}

[package.extras]
array = ["numpy (>=1.13.0)", "toolz (>=0.8.2)"]
bag = ["cloudpickle (>=0.2.2)", "fsspec (>=0.6.0)", "partd (>=0.3.10)", "toolz (>=0.8.2)"]
complete = ["bokeh (>=1.0.0,!=2.0.0)", "cloudpickle (>=0.2.2)", "distributed (>=2.0)", "fsspec (>=0.6.0)", "numpy (>=1.13.0)", "pandas (>=0.23.0)", "partd (>=0.3.10)", "toolz (>=0.8.2)"]
dataframe = ["fsspec (>=0.6.0)", "numpy (>=1.13.0)", "pandas (>=0.23.0)", "partd (>=0.3.10)", "toolz (>=0.8.2)"]
delayed = ["cloudpickle (>=0.2.2)", "toolz (>=0.8.2)"]
diagnostics = ["bokeh (>=1.0.0,!=2.0.0)"]
distributed = ["distributed (>=2.0)"]

[[package]]
name = "datashape"
version = "0.5.2"
description = "A data description language."
category = "main"
optional = false
python-versions = "*"
files = [
    {file = "datashape-0.5.2.tar.gz", hash = "sha256:2356ea690c3cf003c1468a243a9063144235de45b080b3652de4f3d44e57d783"},
]

[package.dependencies]
multipledispatch = ">=0.4.7"
numpy = ">=1.7"
python-dateutil = "*"

[[package]]
name = "decorator"
version = "4.4.2"
description = "Decorators for Humans"
category = "main"
optional = false
python-versions = ">=2.6, !=3.0.*, !=3.1.*"
files = [
    {file = "decorator-4.4.2-py2.py3-none-any.whl", hash = "sha256:41fa54c2a0cc4ba648be4fd43cff00aedf5b9465c9bf18d64325bc225f08f760"},
    {file = "decorator-4.4.2.tar.gz", hash = "sha256:e3a62f0520172440ca0dcc823749319382e377f37f140a0b99ef45fecb84bfe7"},
]

[[package]]
name = "fsspec"
version = "0.8.4"
description = "File-system specification"
category = "main"
optional = false
python-versions = ">3.6"
files = [
    {file = "fsspec-0.8.4-py3-none-any.whl", hash = "sha256:404194b0cf93128d980689fe9a49013ee9676edd1ab7f0f15b737b2cedb0ab88"},
    {file = "fsspec-0.8.4.tar.gz", hash = "sha256:e1e494d4814f6804769f3c7bfd7a722a15113cc0339d14755297f09306b8f21f"},
]

[package.extras]
abfs = ["adlfs"]
adl = ["adlfs"]
dask = ["dask", "distributed"]
dropbox = ["dropbox", "dropboxdrivefs", "requests"]
gcs = ["gcsfs"]
git = ["pygit2"]
github = ["requests"]
gs = ["gcsfs"]
hdfs = ["pyarrow"]
http = ["aiohttp", "requests"]
s3 = ["s3fs"]
sftp = ["paramiko"]
smb = ["smbprotocol"]
ssh = ["paramiko"]

[[package]]
name = "locket"
version = "0.2.0"
description = "File-based locks for Python for Linux and Windows"
category = "main"
optional = false
python-versions = "*"
files = [
    {file = "locket-0.2.0.tar.gz", hash = "sha256:1fee63c1153db602b50154684f5725564e63a0f6d09366a1cb13dffcec179fb4"},
]

[[package]]
name = "more-itertools"
version = "8.6.0"
description = "More routines for operating on iterables, beyond itertools"
category = "dev"
optional = false
python-versions = ">=3.5"
files = [
    {file = "more-itertools-8.6.0.tar.gz", hash = "sha256:b3a9005928e5bed54076e6e549c792b306fddfe72b2d1d22dd63d42d5d3899cf"},
    {file = "more_itertools-8.6.0-py3-none-any.whl", hash = "sha256:8e1a2a43b2f2727425f2b5839587ae37093f19153dc26c0927d1048ff6557330"},
]

[[package]]
name = "multipledispatch"
version = "0.6.0"
description = "Multiple dispatch"
category = "main"
optional = false
python-versions = "*"
files = [
    {file = "multipledispatch-0.6.0-py2-none-any.whl", hash = "sha256:407e6d8c5fa27075968ba07c4db3ef5f02bea4e871e959570eeb69ee39a6565b"},
    {file = "multipledispatch-0.6.0-py3-none-any.whl", hash = "sha256:a55c512128fb3f7c2efd2533f2550accb93c35f1045242ef74645fc92a2c3cba"},
    {file = "multipledispatch-0.6.0.tar.gz", hash = "sha256:a7ab1451fd0bf9b92cab3edbd7b205622fb767aeefb4fb536c2e3de9e0a38bea"},
]

[package.dependencies]
six = "*"

[[package]]
name = "networkx"
version = "2.5"
description = "Python package for creating and manipulating graphs and networks"
category = "main"
optional = false
python-versions = ">=3.6"
files = [
    {file = "networkx-2.5-py3-none-any.whl", hash = "sha256:8c5812e9f798d37c50570d15c4a69d5710a18d77bafc903ee9c5fba7454c616c"},
    {file = "networkx-2.5.tar.gz", hash = "sha256:7978955423fbc9639c10498878be59caf99b44dc304c2286162fd24b458c1602"},
]

[package.dependencies]
decorator = ">=4.3.0"

[package.extras]
all = ["lxml", "matplotlib", "numpy", "pandas", "pydot", "pygraphviz", "pytest", "pyyaml", "scipy"]
gdal = ["gdal"]
lxml = ["lxml"]
matplotlib = ["matplotlib"]
numpy = ["numpy"]
pandas = ["pandas"]
pydot = ["pydot"]
pygraphviz = ["pygraphviz"]
pytest = ["pytest"]
pyyaml = ["pyyaml"]
scipy = ["scipy"]

[[package]]
name = "numpy"
version = "1.19.3"
description = "NumPy is the fundamental package for array computing with Python."
category = "main"
optional = false
python-versions = ">=3.6"
files = [
    {file = "numpy-1.19.3-cp36-cp36m-macosx_10_9_x86_64.whl", hash = "sha256:942d2cdcb362739908c26ce8dd88db6e139d3fa829dd7452dd9ff02cba6b58b2"},
    {file = "numpy-1.19.3-cp36-cp36m-manylinux1_i686.whl", hash = "sha256:efd656893171bbf1331beca4ec9f2e74358fc732a2084f664fd149cc4b3441d2"},
    {file = "numpy-1.19.3-cp36-cp36m-manylinux1_x86_64.whl", hash = "sha256:1a307bdd3dd444b1d0daa356b5f4c7de2e24d63bdc33ea13ff718b8ec4c6a268"},
    {file = "numpy-1.19.3-cp36-cp36m-manylinux2010_i686.whl", hash = "sha256:9d08d84bb4128abb9fbd9f073e5c69f70e5dab991a9c42e5b4081ea5b01b5db0"},
    {file = "numpy-1.19.3-cp36-cp36m-manylinux2010_x86_64.whl", hash = "sha256:7197ee0a25629ed782c7bd01871ee40702ffeef35bc48004bc2fdcc71e29ba9d"},
    {file = "numpy-1.19.3-cp36-cp36m-manylinux2014_aarch64.whl", hash = "sha256:8edc4d687a74d0a5f8b9b26532e860f4f85f56c400b3a98899fc44acb5e27add"},
    {file = "numpy-1.19.3-cp36-cp36m-win32.whl", hash = "sha256:522053b731e11329dd52d258ddf7de5288cae7418b55e4b7d32f0b7e31787e9d"},
    {file = "numpy-1.19.3-cp36-cp36m-win_amd64.whl", hash = "sha256:eefc13863bf01583a85e8c1121a901cc7cb8f059b960c4eba30901e2e6aba95f"},
    {file = "numpy-1.19.3-cp37-cp37m-macosx_10_9_x86_64.whl", hash = "sha256:6ff88bcf1872b79002569c63fe26cd2cda614e573c553c4d5b814fb5eb3d2822"},
    {file = "numpy-1.19.3-cp37-cp37m-manylinux1_i686.whl", hash = "sha256:e080087148fd70469aade2abfeadee194357defd759f9b59b349c6192aba994c"},
    {file = "numpy-1.19.3-cp37-cp37m-manylinux1_x86_64.whl", hash = "sha256:50f68ebc439821b826823a8da6caa79cd080dee2a6d5ab9f1163465a060495ed"},
    {file = "numpy-1.19.3-cp37-cp37m-manylinux2010_i686.whl", hash = "sha256:b9074d062d30c2779d8af587924f178a539edde5285d961d2dfbecbac9c4c931"},
    {file = "numpy-1.19.3-cp37-cp37m-manylinux2010_x86_64.whl", hash = "sha256:463792a249a81b9eb2b63676347f996d3f0082c2666fd0604f4180d2e5445996"},
    {file = "numpy-1.19.3-cp37-cp37m-manylinux2014_aarch64.whl", hash = "sha256:ea6171d2d8d648dee717457d0f75db49ad8c2f13100680e284d7becf3dc311a6"},
    {file = "numpy-1.19.3-cp37-cp37m-win32.whl", hash = "sha256:0ee77786eebbfa37f2141fd106b549d37c89207a0d01d8852fde1c82e9bfc0e7"},
    {file = "numpy-1.19.3-cp37-cp37m-win_amd64.whl", hash = "sha256:271139653e8b7a046d11a78c0d33bafbddd5c443a5b9119618d0652a4eb3a09f"},
    {file = "numpy-1.19.3-cp38-cp38-macosx_10_9_x86_64.whl", hash = "sha256:e983cbabe10a8989333684c98fdc5dd2f28b236216981e0c26ed359aaa676772"},
    {file = "numpy-1.19.3-cp38-cp38-manylinux1_i686.whl", hash = "sha256:d78294f1c20f366cde8a75167f822538a7252b6e8b9d6dbfb3bdab34e7c1929e"},
    {file = "numpy-1.19.3-cp38-cp38-manylinux1_x86_64.whl", hash = "sha256:199bebc296bd8a5fc31c16f256ac873dd4d5b4928dfd50e6c4995570fc71a8f3"},
    {file = "numpy-1.19.3-cp38-cp38-manylinux2010_i686.whl", hash = "sha256:dffed17848e8b968d8d3692604e61881aa6ef1f8074c99e81647ac84f6038535"},
    {file = "numpy-1.19.3-cp38-cp38-manylinux2010_x86_64.whl", hash = "sha256:5ea4401ada0d3988c263df85feb33818dc995abc85b8125f6ccb762009e7bc68"},
    {file = "numpy-1.19.3-cp38-cp38-manylinux2014_aarch64.whl", hash = "sha256:604d2e5a31482a3ad2c88206efd43d6fcf666ada1f3188fd779b4917e49b7a98"},
    {file = "numpy-1.19.3-cp38-cp38-win32.whl", hash = "sha256:a2daea1cba83210c620e359de2861316f49cc7aea8e9a6979d6cb2ddab6dda8c"},
    {file = "numpy-1.19.3-cp38-cp38-win_amd64.whl", hash = "sha256:dfdc8b53aa9838b9d44ed785431ca47aa3efaa51d0d5dd9c412ab5247151a7c4"},
    {file = "numpy-1.19.3-cp39-cp39-macosx_10_9_x86_64.whl", hash = "sha256:9f7f56b5e85b08774939622b7d45a5d00ff511466522c44fc0756ac7692c00f2"},
    {file = "numpy-1.19.3-cp39-cp39-manylinux1_i686.whl", hash = "sha256:8802d23e4895e0c65e418abe67cdf518aa5cbb976d97f42fd591f921d6dffad0"},
    {file = "numpy-1.19.3-cp39-cp39-manylinux1_x86_64.whl", hash = "sha256:c4aa79993f5d856765819a3651117520e41ac3f89c3fc1cb6dee11aa562df6da"},
    {file = "numpy-1.19.3-cp39-cp39-manylinux2010_i686.whl", hash = "sha256:51e8d2ae7c7e985c7bebf218e56f72fa93c900ad0c8a7d9fbbbf362f45710f69"},
    {file = "numpy-1.19.3-cp39-cp39-manylinux2010_x86_64.whl", hash = "sha256:50d3513469acf5b2c0406e822d3f314d7ac5788c2b438c24e5dd54d5a81ef522"},
    {file = "numpy-1.19.3-cp39-cp39-manylinux2014_aarch64.whl", hash = "sha256:741d95eb2b505bb7a99fbf4be05fa69f466e240c2b4f2d3ddead4f1b5f82a5a5"},
    {file = "numpy-1.19.3-cp39-cp39-win32.whl", hash = "sha256:1ea7e859f16e72ab81ef20aae69216cfea870676347510da9244805ff9670170"},
    {file = "numpy-1.19.3-cp39-cp39-win_amd64.whl", hash = "sha256:83af653bb92d1e248ccf5fdb05ccc934c14b936bcfe9b917dc180d3f00250ac6"},
    {file = "numpy-1.19.3-pp36-pypy36_pp73-manylinux2010_x86_64.whl", hash = "sha256:9a0669787ba8c9d3bb5de5d9429208882fb47764aa79123af25c5edc4f5966b9"},
    {file = "numpy-1.19.3.zip", hash = "sha256:35bf5316af8dc7c7db1ad45bec603e5fb28671beb98ebd1d65e8059efcfd3b72"},
]

[[package]]
name = "odo"
version = "0.5.1+64.g9fce669"
description = "Data migration utilities"
category = "main"
optional = false
python-versions = "*"
files = []
develop = false

[package.dependencies]
dask = ">=0.11.1"
datashape = ">=0.5.0"
multipledispatch = ">=0.4.7"
networkx = ">=1.0"
numpy = ">=1.7"
pandas = ">=0.15.0"
toolz = ">=0.7.3"

[package.extras]
all = ["bcolz (>=0.12.0,<1.0.0)", "bokeh (>=0.12)", "boto (>=2.43.0)", "h5py (>=2.6.0)", "paramiko (>=2.0.0)", "psycopg2 (>=2.6.0)", "pymongo (>2.9.0,<3.0.0)", "pymysql (>=0.7)", "sas7bdat (>=2.0.0)", "sqlalchemy (>=0.8.0)", "tables (>=3.3.0)"]
aws = ["boto (>=2.43.0)"]
bcolz = ["bcolz (>=0.12.0,<1.0.0)"]
bokeh = ["bokeh (>=0.12)"]
ci = ["HeapDict[] (==1.0.0)", "Jinja2[] (==2.8)", "MarkupSafe[] (==0.23)", "PyMySQL[] (==0.7.9)", "PyYAML[] (==3.12)", "SQLAlchemy[] (==1.1.3)", "bcolz[] (==0.12.1)", "bokeh[] (==0.12.3)", "boto3[] (==1.4.1)", "botocore[] (==1.4.68)", "cffi[] (==1.8.3)", "click[] (==6.6)", "cloudpickle[] (==0.2.1)", "cryptography[] (==1.5.2)", "dask[] (==0.11.1)", "decorator[] (==4.0.10)", "distributed[] (==1.13.3)", "docutils[] (==0.12)", "h5py[] (==2.6.0)", "idna[] (==2.1)", "jmespath[] (==0.9.0)", "locket[] (==0.2.0)", "mock[] (==2.0.0)", "msgpack-python[] (==0.4.8)", "multipledispatch[] (==0.4.9)", "networkx[] (==1.11)", "numexpr[] (==2.6.1)", "numpy[] (==1.11.2)", "pandas[] (==0.19.0)", "paramiko[] (==2.0.2)", "partd[] (==0.3.6)", "psutil[] (==4.4.2)", "psycopg2[] (==2.6.2)", "py[] (==1.4.34)", "pyasn1[] (==0.1.9)", "pycparser[] (==2.17)", "pymongo[] (==2.9.4)", "pytest[] (==3.2.3)", "python-dateutil[] (==2.5.3)", "pytz[] (==2016.7)", "pywebhdfs[] (==0.4.1)", "requests[] (==2.11.1)", "s3fs[] (==0.0.7)", "s3transfer[] (==0.1.9)", "sas7bdat[] (==2.0.7)", "six[] (==1.10.0)", "tables[] (==3.3.0)", "tblib[] (==1.3.0)", "toolz[] (==0.8.0)", "tornado[] (==4.4.2)", "zict[] (==0.0.3)"]
h5py = ["h5py (>=2.6.0)"]
mongo = ["pymongo (>2.9.0,<3.0.0)"]
mysql = ["pymysql (>=0.7)", "sqlalchemy (>=0.8.0)"]
postgres = ["psycopg2 (>=2.6.0)", "sqlalchemy (>=0.8.0)"]
pytables = ["tables (>=3.3.0)"]
sas = ["sas7bdat (>=2.0.0)"]
sql = ["sqlalchemy (>=0.8.0)"]
ssh = ["paramiko (>=2.0.0)"]
test = ["pytest (>=3.0.0)"]

[package.source]
type = "git"
url = "https://github.com/blaze/odo"
reference = "master"
resolved_reference = "9fce6690b3666160681833540de6c55e922de5eb"

[[package]]
name = "packaging"
version = "20.4"
description = "Core utilities for Python packages"
category = "dev"
optional = false
python-versions = ">=2.7, !=3.0.*, !=3.1.*, !=3.2.*, !=3.3.*"
files = [
    {file = "packaging-20.4-py2.py3-none-any.whl", hash = "sha256:998416ba6962ae7fbd6596850b80e17859a5753ba17c32284f67bfff33784181"},
    {file = "packaging-20.4.tar.gz", hash = "sha256:4357f74f47b9c12db93624a82154e9b120fa8293699949152b22065d556079f8"},
]

[package.dependencies]
pyparsing = ">=2.0.2"
six = "*"

[[package]]
name = "pandas"
version = "1.1.4"
description = "Powerful data structures for data analysis, time series, and statistics"
category = "main"
optional = false
python-versions = ">=3.6.1"
files = [
    {file = "pandas-1.1.4-cp36-cp36m-macosx_10_9_x86_64.whl", hash = "sha256:e2b8557fe6d0a18db4d61c028c6af61bfed44ef90e419ed6fadbdc079eba141e"},
    {file = "pandas-1.1.4-cp36-cp36m-manylinux1_i686.whl", hash = "sha256:3aa8e10768c730cc1b610aca688f588831fa70b65a26cb549fbb9f35049a05e0"},
    {file = "pandas-1.1.4-cp36-cp36m-manylinux1_x86_64.whl", hash = "sha256:185cf8c8f38b169dbf7001e1a88c511f653fbb9dfa3e048f5e19c38049e991dc"},
    {file = "pandas-1.1.4-cp36-cp36m-manylinux2014_aarch64.whl", hash = "sha256:0d9a38a59242a2f6298fff45d09768b78b6eb0c52af5919ea9e45965d7ba56d9"},
    {file = "pandas-1.1.4-cp36-cp36m-win32.whl", hash = "sha256:8b4c2055ebd6e497e5ecc06efa5b8aa76f59d15233356eb10dad22a03b757805"},
    {file = "pandas-1.1.4-cp36-cp36m-win_amd64.whl", hash = "sha256:5dac3aeaac5feb1016e94bde851eb2012d1733a222b8afa788202b836c97dad5"},
    {file = "pandas-1.1.4-cp37-cp37m-macosx_10_9_x86_64.whl", hash = "sha256:6d2b5b58e7df46b2c010ec78d7fb9ab20abf1d306d0614d3432e7478993fbdb0"},
    {file = "pandas-1.1.4-cp37-cp37m-manylinux1_i686.whl", hash = "sha256:c681e8fcc47a767bf868341d8f0d76923733cbdcabd6ec3a3560695c69f14a1e"},
    {file = "pandas-1.1.4-cp37-cp37m-manylinux1_x86_64.whl", hash = "sha256:c5a3597880a7a29a31ebd39b73b2c824316ae63a05c3c8a5ce2aea3fc68afe35"},
    {file = "pandas-1.1.4-cp37-cp37m-manylinux2014_aarch64.whl", hash = "sha256:6613c7815ee0b20222178ad32ec144061cb07e6a746970c9160af1ebe3ad43b4"},
    {file = "pandas-1.1.4-cp37-cp37m-win32.whl", hash = "sha256:43cea38cbcadb900829858884f49745eb1f42f92609d368cabcc674b03e90efc"},
    {file = "pandas-1.1.4-cp37-cp37m-win_amd64.whl", hash = "sha256:5378f58172bd63d8c16dd5d008d7dcdd55bf803fcdbe7da2dcb65dbbf322f05b"},
    {file = "pandas-1.1.4-cp38-cp38-macosx_10_9_x86_64.whl", hash = "sha256:a7d2547b601ecc9a53fd41561de49a43d2231728ad65c7713d6b616cd02ddbed"},
    {file = "pandas-1.1.4-cp38-cp38-manylinux1_i686.whl", hash = "sha256:41746d520f2b50409dffdba29a15c42caa7babae15616bcf80800d8cfcae3d3e"},
    {file = "pandas-1.1.4-cp38-cp38-manylinux1_x86_64.whl", hash = "sha256:a15653480e5b92ee376f8458197a58cca89a6e95d12cccb4c2d933df5cecc63f"},
    {file = "pandas-1.1.4-cp38-cp38-manylinux2014_aarch64.whl", hash = "sha256:5fdb2a61e477ce58d3f1fdf2470ee142d9f0dde4969032edaf0b8f1a9dafeaa2"},
    {file = "pandas-1.1.4-cp38-cp38-win32.whl", hash = "sha256:8a5d7e57b9df2c0a9a202840b2881bb1f7a648eba12dd2d919ac07a33a36a97f"},
    {file = "pandas-1.1.4-cp38-cp38-win_amd64.whl", hash = "sha256:54404abb1cd3f89d01f1fb5350607815326790efb4789be60508f458cdd5ccbf"},
    {file = "pandas-1.1.4-cp39-cp39-macosx_10_9_x86_64.whl", hash = "sha256:112c5ba0f9ea0f60b2cc38c25f87ca1d5ca10f71efbee8e0f1bee9cf584ed5d5"},
    {file = "pandas-1.1.4-cp39-cp39-manylinux1_i686.whl", hash = "sha256:cf135a08f306ebbcfea6da8bf775217613917be23e5074c69215b91e180caab4"},
    {file = "pandas-1.1.4-cp39-cp39-manylinux1_x86_64.whl", hash = "sha256:b1f8111635700de7ac350b639e7e452b06fc541a328cf6193cf8fc638804bab8"},
    {file = "pandas-1.1.4-cp39-cp39-win32.whl", hash = "sha256:09e0503758ad61afe81c9069505f8cb8c1e36ea8cc1e6826a95823ef5b327daf"},
    {file = "pandas-1.1.4-cp39-cp39-win_amd64.whl", hash = "sha256:0a11a6290ef3667575cbd4785a1b62d658c25a2fd70a5adedba32e156a8f1773"},
    {file = "pandas-1.1.4.tar.gz", hash = "sha256:a979d0404b135c63954dea79e6246c45dd45371a88631cdbb4877d844e6de3b6"},
]

[package.dependencies]
numpy = ">=1.15.4"
python-dateutil = ">=2.7.3"
pytz = ">=2017.2"

[package.extras]
test = ["hypothesis (>=3.58)", "pytest (>=4.0.2)", "pytest-xdist"]

[[package]]
name = "partd"
version = "1.1.0"
description = "Appendable key-value storage"
category = "main"
optional = false
python-versions = ">=3.5"
files = [
    {file = "partd-1.1.0-py3-none-any.whl", hash = "sha256:7a491cf254e5ab09e9e6a40d80195e5e0e5e169115bfb8287225cb0c207536d2"},
    {file = "partd-1.1.0.tar.gz", hash = "sha256:6e258bf0810701407ad1410d63d1a15cfd7b773fd9efe555dac6bb82cc8832b0"},
]

[package.dependencies]
locket = "*"
toolz = "*"

[package.extras]
complete = ["blosc", "numpy (>=1.9.0)", "pandas (>=0.19.0)", "pyzmq"]

[[package]]
name = "pluggy"
version = "0.13.1"
description = "plugin and hook calling mechanisms for python"
category = "dev"
optional = false
python-versions = ">=2.7, !=3.0.*, !=3.1.*, !=3.2.*, !=3.3.*"
files = [
    {file = "pluggy-0.13.1-py2.py3-none-any.whl", hash = "sha256:966c145cd83c96502c3c3868f50408687b38434af77734af1e9ca461a4081d2d"},
    {file = "pluggy-0.13.1.tar.gz", hash = "sha256:15b2acde666561e1298d71b523007ed7364de07029219b604cf808bfa1c765b0"},
]

[package.extras]
dev = ["pre-commit", "tox"]

[[package]]
name = "py"
version = "1.9.0"
description = "library with cross-python path, ini-parsing, io, code, log facilities"
category = "dev"
optional = false
python-versions = ">=2.7, !=3.0.*, !=3.1.*, !=3.2.*, !=3.3.*"
files = [
    {file = "py-1.9.0-py2.py3-none-any.whl", hash = "sha256:366389d1db726cd2fcfc79732e75410e5fe4d31db13692115529d34069a043c2"},
    {file = "py-1.9.0.tar.gz", hash = "sha256:9ca6883ce56b4e8da7e79ac18787889fa5206c79dcc67fb065376cd2fe03f342"},
]

[[package]]
name = "pycparser"
version = "2.20"
description = "C parser in Python"
category = "main"
optional = false
python-versions = ">=2.7, !=3.0.*, !=3.1.*, !=3.2.*, !=3.3.*"
files = [
    {file = "pycparser-2.20-py2.py3-none-any.whl", hash = "sha256:7582ad22678f0fcd81102833f60ef8d0e57288b6b5fb00323d101be910e35705"},
    {file = "pycparser-2.20.tar.gz", hash = "sha256:2d475327684562c3a96cc71adf7dc8c4f0565175cf86b6d7a404ff4c771f15f0"},
]

[[package]]
name = "pymysql"
version = "0.10.1"
description = "Pure Python MySQL Driver"
category = "main"
optional = false
python-versions = "*"
files = [
    {file = "PyMySQL-0.10.1-py2.py3-none-any.whl", hash = "sha256:44f47128dda8676e021c8d2dbb49a82be9e4ab158b9f03e897152a3a287c69ea"},
    {file = "PyMySQL-0.10.1.tar.gz", hash = "sha256:263040d2779a3b84930f7ac9da5132be0fefcd6f453a885756656103f8ee1fdd"},
]

[package.extras]
ed25519 = ["PyNaCl (>=1.4.0)"]
rsa = ["cryptography"]

[[package]]
name = "pyparsing"
version = "2.4.7"
description = "Python parsing module"
category = "dev"
optional = false
python-versions = ">=2.6, !=3.0.*, !=3.1.*, !=3.2.*"
files = [
    {file = "pyparsing-2.4.7-py2.py3-none-any.whl", hash = "sha256:ef9d7589ef3c200abe66653d3f1ab1033c3c419ae9b9bdb1240a85b024efc88b"},
    {file = "pyparsing-2.4.7.tar.gz", hash = "sha256:c203ec8783bf771a155b207279b9bccb8dea02d8f0c9e5f8ead507bc3246ecc1"},
]

[[package]]
name = "pytest"
version = "5.4.3"
description = "pytest: simple powerful testing with Python"
category = "dev"
optional = false
python-versions = ">=3.5"
files = [
    {file = "pytest-5.4.3-py3-none-any.whl", hash = "sha256:5c0db86b698e8f170ba4582a492248919255fcd4c79b1ee64ace34301fb589a1"},
    {file = "pytest-5.4.3.tar.gz", hash = "sha256:7979331bfcba207414f5e1263b5a0f8f521d0f457318836a7355531ed1a4c7d8"},
]

[package.dependencies]
atomicwrites = {version = ">=1.0", markers = "sys_platform == \"win32\""}
attrs = ">=17.4.0"
colorama = {version = "*", markers = "sys_platform == \"win32\""}
more-itertools = ">=4.0.0"
packaging = "*"
pluggy = ">=0.12,<1.0"
py = ">=1.5.0"
wcwidth = "*"

[package.extras]
checkqa-mypy = ["mypy (==v0.761)"]
testing = ["argcomplete", "hypothesis (>=3.56)", "mock", "nose", "requests", "xmlschema"]

[[package]]
name = "python-dateutil"
version = "2.8.1"
description = "Extensions to the standard Python datetime module"
category = "main"
optional = false
python-versions = "!=3.0.*,!=3.1.*,!=3.2.*,>=2.7"
files = [
    {file = "python-dateutil-2.8.1.tar.gz", hash = "sha256:73ebfe9dbf22e832286dafa60473e4cd239f8592f699aa5adaf10050e6e1823c"},
    {file = "python_dateutil-2.8.1-py2.py3-none-any.whl", hash = "sha256:75bb3f31ea686f1197762692a9ee6a7550b59fc6ca3a1f4b5d7e32fb98e2da2a"},
]

[package.dependencies]
six = ">=1.5"

[[package]]
name = "pytz"
version = "2020.1"
description = "World timezone definitions, modern and historical"
category = "main"
optional = false
python-versions = "*"
files = [
    {file = "pytz-2020.1-py2.py3-none-any.whl", hash = "sha256:a494d53b6d39c3c6e44c3bec237336e14305e4f29bbf800b599253057fbb79ed"},
    {file = "pytz-2020.1.tar.gz", hash = "sha256:c35965d010ce31b23eeb663ed3cc8c906275d6be1a34393a1d73a41febf4a048"},
]

[[package]]
name = "pyyaml"
version = "5.4"
description = "YAML parser and emitter for Python"
category = "main"
optional = false
python-versions = ">=2.7, !=3.0.*, !=3.1.*, !=3.2.*, !=3.3.*, !=3.4.*, !=3.5.*"
files = [
    {file = "PyYAML-5.4-cp27-cp27m-macosx_10_9_x86_64.whl", hash = "sha256:f7a21e3d99aa3095ef0553e7ceba36fb693998fbb1226f1392ce33681047465f"},
    {file = "PyYAML-5.4-cp27-cp27m-win32.whl", hash = "sha256:52bf0930903818e600ae6c2901f748bc4869c0c406056f679ab9614e5d21a166"},
    {file = "PyYAML-5.4-cp27-cp27m-win_amd64.whl", hash = "sha256:a36a48a51e5471513a5aea920cdad84cbd56d70a5057cca3499a637496ea379c"},
    {file = "PyYAML-5.4-cp27-cp27mu-manylinux1_x86_64.whl", hash = "sha256:5e7ac4e0e79a53451dc2814f6876c2fa6f71452de1498bbe29c0b54b69a986f4"},
    {file = "PyYAML-5.4-cp36-cp36m-macosx_10_9_x86_64.whl", hash = "sha256:cc552b6434b90d9dbed6a4f13339625dc466fd82597119897e9489c953acbc22"},
    {file = "PyYAML-5.4-cp36-cp36m-manylinux1_x86_64.whl", hash = "sha256:0dc9f2eb2e3c97640928dec63fd8dc1dd91e6b6ed236bd5ac00332b99b5c2ff9"},
    {file = "PyYAML-5.4-cp36-cp36m-win32.whl", hash = "sha256:5a3f345acff76cad4aa9cb171ee76c590f37394186325d53d1aa25318b0d4a09"},
    {file = "PyYAML-5.4-cp36-cp36m-win_amd64.whl", hash = "sha256:f3790156c606299ff499ec44db422f66f05a7363b39eb9d5b064f17bd7d7c47b"},
    {file = "PyYAML-5.4-cp37-cp37m-macosx_10_9_x86_64.whl", hash = "sha256:124fd7c7bc1e95b1eafc60825f2daf67c73ce7b33f1194731240d24b0d1bf628"},
    {file = "PyYAML-5.4-cp37-cp37m-manylinux1_x86_64.whl", hash = "sha256:8b818b6c5a920cbe4203b5a6b14256f0e5244338244560da89b7b0f1313ea4b6"},
    {file = "PyYAML-5.4-cp37-cp37m-win32.whl", hash = "sha256:737bd70e454a284d456aa1fa71a0b429dd527bcbf52c5c33f7c8eee81ac16b89"},
    {file = "PyYAML-5.4-cp37-cp37m-win_amd64.whl", hash = "sha256:7242790ab6c20316b8e7bb545be48d7ed36e26bbe279fd56f2c4a12510e60b4b"},
    {file = "PyYAML-5.4-cp38-cp38-macosx_10_9_x86_64.whl", hash = "sha256:cc547d3ead3754712223abb7b403f0a184e4c3eae18c9bb7fd15adef1597cc4b"},
    {file = "PyYAML-5.4-cp38-cp38-manylinux1_x86_64.whl", hash = "sha256:8635d53223b1f561b081ff4adecb828fd484b8efffe542edcfdff471997f7c39"},
    {file = "PyYAML-5.4-cp38-cp38-win32.whl", hash = "sha256:26fcb33776857f4072601502d93e1a619f166c9c00befb52826e7b774efaa9db"},
    {file = "PyYAML-5.4-cp38-cp38-win_amd64.whl", hash = "sha256:b2243dd033fd02c01212ad5c601dafb44fbb293065f430b0d3dbf03f3254d615"},
    {file = "PyYAML-5.4-cp39-cp39-macosx_10_9_x86_64.whl", hash = "sha256:31ba07c54ef4a897758563e3a0fcc60077698df10180abe4b8165d9895c00ebf"},
    {file = "PyYAML-5.4-cp39-cp39-manylinux1_x86_64.whl", hash = "sha256:02c78d77281d8f8d07a255e57abdbf43b02257f59f50cc6b636937d68efa5dd0"},
    {file = "PyYAML-5.4-cp39-cp39-win32.whl", hash = "sha256:fdc6b2cb4b19e431994f25a9160695cc59a4e861710cc6fc97161c5e845fc579"},
    {file = "PyYAML-5.4-cp39-cp39-win_amd64.whl", hash = "sha256:8bf38641b4713d77da19e91f8b5296b832e4db87338d6aeffe422d42f1ca896d"},
    {file = "PyYAML-5.4.tar.gz", hash = "sha256:3c49e39ac034fd64fd576d63bb4db53cda89b362768a67f07749d55f128ac18a"},
]

[[package]]
name = "six"
version = "1.15.0"
description = "Python 2 and 3 compatibility utilities"
category = "main"
optional = false
python-versions = ">=2.7, !=3.0.*, !=3.1.*, !=3.2.*"
files = [
    {file = "six-1.15.0-py2.py3-none-any.whl", hash = "sha256:8b74bedcbbbaca38ff6d7491d76f2b06b3592611af620f8426e82dddb04a5ced"},
    {file = "six-1.15.0.tar.gz", hash = "sha256:30639c035cdb23534cd4aa2dd52c3bf48f06e5f4a941509c8bafd8ce11080259"},
]

[[package]]
name = "sqlalchemy"
version = "1.3.20"
description = "Database Abstraction Library"
category = "main"
optional = false
python-versions = ">=2.7, !=3.0.*, !=3.1.*, !=3.2.*, !=3.3.*"
files = [
    {file = "SQLAlchemy-1.3.20-cp27-cp27m-macosx_10_14_x86_64.whl", hash = "sha256:bad73f9888d30f9e1d57ac8829f8a12091bdee4949b91db279569774a866a18e"},
    {file = "SQLAlchemy-1.3.20-cp27-cp27m-manylinux1_x86_64.whl", hash = "sha256:e32e3455db14602b6117f0f422f46bc297a3853ae2c322ecd1e2c4c04daf6ed5"},
    {file = "SQLAlchemy-1.3.20-cp27-cp27m-manylinux2010_x86_64.whl", hash = "sha256:5cdfe54c1e37279dc70d92815464b77cd8ee30725adc9350f06074f91dbfeed2"},
    {file = "SQLAlchemy-1.3.20-cp27-cp27m-win32.whl", hash = "sha256:2e9bd5b23bba8ae8ce4219c9333974ff5e103c857d9ff0e4b73dc4cb244c7d86"},
    {file = "SQLAlchemy-1.3.20-cp27-cp27m-win_amd64.whl", hash = "sha256:5d92c18458a4aa27497a986038d5d797b5279268a2de303cd00910658e8d149c"},
    {file = "SQLAlchemy-1.3.20-cp27-cp27mu-manylinux1_x86_64.whl", hash = "sha256:53fd857c6c8ffc0aa6a5a3a2619f6a74247e42ec9e46b836a8ffa4abe7aab327"},
    {file = "SQLAlchemy-1.3.20-cp27-cp27mu-manylinux2010_x86_64.whl", hash = "sha256:0a92745bb1ebbcb3985ed7bda379b94627f0edbc6c82e9e4bac4fb5647ae609a"},
    {file = "SQLAlchemy-1.3.20-cp35-cp35m-macosx_10_14_x86_64.whl", hash = "sha256:b6f036ecc017ec2e2cc2a40615b41850dc7aaaea6a932628c0afc73ab98ba3fb"},
    {file = "SQLAlchemy-1.3.20-cp35-cp35m-manylinux1_x86_64.whl", hash = "sha256:3aa6d45e149a16aa1f0c46816397e12313d5e37f22205c26e06975e150ffcf2a"},
    {file = "SQLAlchemy-1.3.20-cp35-cp35m-manylinux2010_x86_64.whl", hash = "sha256:ed53209b5f0f383acb49a927179fa51a6e2259878e164273ebc6815f3a752465"},
    {file = "SQLAlchemy-1.3.20-cp35-cp35m-manylinux2014_aarch64.whl", hash = "sha256:d3b709d64b5cf064972b3763b47139e4a0dc4ae28a36437757f7663f67b99710"},
    {file = "SQLAlchemy-1.3.20-cp35-cp35m-win32.whl", hash = "sha256:950f0e17ffba7a7ceb0dd056567bc5ade22a11a75920b0e8298865dc28c0eff6"},
    {file = "SQLAlchemy-1.3.20-cp35-cp35m-win_amd64.whl", hash = "sha256:8dcbf377529a9af167cbfc5b8acec0fadd7c2357fc282a1494c222d3abfc9629"},
    {file = "SQLAlchemy-1.3.20-cp36-cp36m-macosx_10_14_x86_64.whl", hash = "sha256:0157c269701d88f5faf1fa0e4560e4d814f210c01a5b55df3cab95e9346a8bcc"},
    {file = "SQLAlchemy-1.3.20-cp36-cp36m-manylinux1_x86_64.whl", hash = "sha256:7cd40cb4bc50d9e87b3540b23df6e6b24821ba7e1f305c1492b0806c33dbdbec"},
    {file = "SQLAlchemy-1.3.20-cp36-cp36m-manylinux2010_x86_64.whl", hash = "sha256:c092fe282de83d48e64d306b4bce03114859cdbfe19bf8a978a78a0d44ddadb1"},
    {file = "SQLAlchemy-1.3.20-cp36-cp36m-manylinux2014_aarch64.whl", hash = "sha256:166917a729b9226decff29416f212c516227c2eb8a9c9f920d69ced24e30109f"},
    {file = "SQLAlchemy-1.3.20-cp36-cp36m-win32.whl", hash = "sha256:632b32183c0cb0053194a4085c304bc2320e5299f77e3024556fa2aa395c2a8b"},
    {file = "SQLAlchemy-1.3.20-cp36-cp36m-win_amd64.whl", hash = "sha256:bbc58fca72ce45a64bb02b87f73df58e29848b693869e58bd890b2ddbb42d83b"},
    {file = "SQLAlchemy-1.3.20-cp37-cp37m-macosx_10_14_x86_64.whl", hash = "sha256:b15002b9788ffe84e42baffc334739d3b68008a973d65fad0a410ca5d0531980"},
    {file = "SQLAlchemy-1.3.20-cp37-cp37m-manylinux1_x86_64.whl", hash = "sha256:9e379674728f43a0cd95c423ac0e95262500f9bfd81d33b999daa8ea1756d162"},
    {file = "SQLAlchemy-1.3.20-cp37-cp37m-manylinux2010_x86_64.whl", hash = "sha256:2b5dafed97f778e9901b79cc01b88d39c605e0545b4541f2551a2fd785adc15b"},
    {file = "SQLAlchemy-1.3.20-cp37-cp37m-manylinux2014_aarch64.whl", hash = "sha256:fcdb3755a7c355bc29df1b5e6fb8226d5c8b90551d202d69d0076a8a5649d68b"},
    {file = "SQLAlchemy-1.3.20-cp37-cp37m-win32.whl", hash = "sha256:bca4d367a725694dae3dfdc86cf1d1622b9f414e70bd19651f5ac4fb3aa96d61"},
    {file = "SQLAlchemy-1.3.20-cp37-cp37m-win_amd64.whl", hash = "sha256:f605f348f4e6a2ba00acb3399c71d213b92f27f2383fc4abebf7a37368c12142"},
    {file = "SQLAlchemy-1.3.20-cp38-cp38-macosx_10_14_x86_64.whl", hash = "sha256:84f0ac4a09971536b38cc5d515d6add7926a7e13baa25135a1dbb6afa351a376"},
    {file = "SQLAlchemy-1.3.20-cp38-cp38-manylinux1_x86_64.whl", hash = "sha256:2909dffe5c9a615b7e6c92d1ac2d31e3026dc436440a4f750f4749d114d88ceb"},
    {file = "SQLAlchemy-1.3.20-cp38-cp38-manylinux2010_x86_64.whl", hash = "sha256:c3ab23ee9674336654bf9cac30eb75ac6acb9150dc4b1391bec533a7a4126471"},
    {file = "SQLAlchemy-1.3.20-cp38-cp38-manylinux2014_aarch64.whl", hash = "sha256:009e8388d4d551a2107632921320886650b46332f61dc935e70c8bcf37d8e0d6"},
    {file = "SQLAlchemy-1.3.20-cp38-cp38-win32.whl", hash = "sha256:bf53d8dddfc3e53a5bda65f7f4aa40fae306843641e3e8e701c18a5609471edf"},
    {file = "SQLAlchemy-1.3.20-cp38-cp38-win_amd64.whl", hash = "sha256:7c735c7a6db8ee9554a3935e741cf288f7dcbe8706320251eb38c412e6a4281d"},
    {file = "SQLAlchemy-1.3.20-cp39-cp39-macosx_10_14_x86_64.whl", hash = "sha256:4bdbdb8ca577c6c366d15791747c1de6ab14529115a2eb52774240c412a7b403"},
    {file = "SQLAlchemy-1.3.20-cp39-cp39-manylinux1_x86_64.whl", hash = "sha256:ce64a44c867d128ab8e675f587aae7f61bd2db836a3c4ba522d884cd7c298a77"},
    {file = "SQLAlchemy-1.3.20-cp39-cp39-manylinux2010_x86_64.whl", hash = "sha256:be41d5de7a8e241864189b7530ca4aaf56a5204332caa70555c2d96379e18079"},
    {file = "SQLAlchemy-1.3.20-cp39-cp39-manylinux2014_aarch64.whl", hash = "sha256:1f5f369202912be72fdf9a8f25067a5ece31a2b38507bb869306f173336348da"},
    {file = "SQLAlchemy-1.3.20-cp39-cp39-win32.whl", hash = "sha256:0cca1844ba870e81c03633a99aa3dc62256fb96323431a5dec7d4e503c26372d"},
    {file = "SQLAlchemy-1.3.20-cp39-cp39-win_amd64.whl", hash = "sha256:d05cef4a164b44ffda58200efcb22355350979e000828479971ebca49b82ddb1"},
    {file = "SQLAlchemy-1.3.20.tar.gz", hash = "sha256:d2f25c7f410338d31666d7ddedfa67570900e248b940d186b48461bd4e5569a1"},
]

[package.extras]
mssql = ["pyodbc"]
mssql-pymssql = ["pymssql"]
mssql-pyodbc = ["pyodbc"]
mysql = ["mysqlclient"]
oracle = ["cx-oracle"]
postgresql = ["psycopg2"]
postgresql-pg8000 = ["pg8000"]
postgresql-psycopg2binary = ["psycopg2-binary"]
postgresql-psycopg2cffi = ["psycopg2cffi"]
pymysql = ["pymysql"]

[[package]]
name = "toolz"
version = "0.11.1"
description = "List processing tools and functional utilities"
category = "main"
optional = false
python-versions = ">=3.5"
files = [
    {file = "toolz-0.11.1-py3-none-any.whl", hash = "sha256:1bc473acbf1a1db4e72a1ce587be347450e8f08324908b8a266b486f408f04d5"},
    {file = "toolz-0.11.1.tar.gz", hash = "sha256:c7a47921f07822fe534fb1c01c9931ab335a4390c782bd28c6bcc7c2f71f3fbf"},
]

[[package]]
name = "wcwidth"
version = "0.2.5"
description = "Measures the displayed width of unicode strings in a terminal"
category = "dev"
optional = false
python-versions = "*"
files = [
    {file = "wcwidth-0.2.5-py2.py3-none-any.whl", hash = "sha256:beb4802a9cebb9144e99086eff703a642a13d6a0052920003a230f3294bbe784"},
    {file = "wcwidth-0.2.5.tar.gz", hash = "sha256:c4d647b99872929fdb7bdcaa4fbe7f01413ed3d98077df798530e5b04f116c83"},
]

[metadata]
lock-version = "2.0"
python-versions = "^3.9"
content-hash = "3237e1ef67897adc8622a9828e976977a21058835e9d90815ef56b4deb14af8a"
